
Microsoft Visual Studio Solution File, Format Version 12.00
# Visual Studio 14
VisualStudioVersion = 14.0.25420.1
MinimumVisualStudioVersion = 10.0.40219.1
Project("{FAE04EC0-301F-11D3-BF4B-00C04F79EFBC}") = "BCCVehicleRequisitionManagementSystem", "BCCVehicleRequisitionManagementSystem\BCCVehicleRequisitionManagementSystem.csproj", "{D121B4DC-156D-44A7-9287-426B9F34F7CB}"
	ProjectSection(ProjectDependencies) = postProject
		{753F1EA6-7E45-4641-BFBC-B79ABD88ED00} = {753F1EA6-7E45-4641-BFBC-B79ABD88ED00}
	EndProjectSection
EndProject
Project("{FAE04EC0-301F-11D3-BF4B-00C04F79EFBC}") = "BCCVehicleRequisitionManagementSystem.Models", "BCCVehicleRequisitionManagementSystem.Models\BCCVehicleRequisitionManagementSystem.Models.csproj", "{753F1EA6-7E45-4641-BFBC-B79ABD88ED00}"
EndProject
Project("{FAE04EC0-301F-11D3-BF4B-00C04F79EFBC}") = "BCCVehicleRequisitionManagementSystem.BLL", "BLL\BCCVehicleRequisitionManagementSystem.BLL.csproj", "{D98BCB8C-137A-468B-B040-40C237678F8A}"
EndProject
Project("{FAE04EC0-301F-11D3-BF4B-00C04F79EFBC}") = "BCCVehicleRequisitionManagementSystem.Repository", "Repository\BCCVehicleRequisitionManagementSystem.Repository.csproj", "{B99CF6D9-06AB-4C6C-820F-DB4A54938E80}"
EndProject
Project("{FAE04EC0-301F-11D3-BF4B-00C04F79EFBC}") = "BCCVehicleRequisitionManagementSystem.Models.Contracts", "BCCVehicleRequisitionManagementSystem.Models.Contracts\BCCVehicleRequisitionManagementSystem.Models.Contracts.csproj", "{E97B5155-F41A-46BD-B99F-74781FC9D8AE}"
EndProject
Project("{FAE04EC0-301F-11D3-BF4B-00C04F79EFBC}") = "BCCVehicleRequisitionManagementSystem.Repository.Contracts", "BCCVehicleRequisitionManagementSystem.Repository.Contracts\BCCVehicleRequisitionManagementSystem.Repository.Contracts.csproj", "{A7EA4DE5-6BB7-466B-B585-3166200A257B}"
EndProject
Project("{FAE04EC0-301F-11D3-BF4B-00C04F79EFBC}") = "BCCVehicleRequisitionManagementSystem.BLL.Contract", "BCCVehicleRequisitionManagementSystem.BLL.Contract\BCCVehicleRequisitionManagementSystem.BLL.Contract.csproj", "{15896334-F433-4EB2-9090-DACF9FA6E1A4}"
EndProject
Global
	GlobalSection(SolutionConfigurationPlatforms) = preSolution
		Debug|Any CPU = Debug|Any CPU
		Release|Any CPU = Release|Any CPU
	EndGlobalSection
	GlobalSection(ProjectConfigurationPlatforms) = postSolution
		{D121B4DC-156D-44A7-9287-426B9F34F7CB}.Debug|Any CPU.ActiveCfg = Debug|Any CPU
		{D121B4DC-156D-44A7-9287-426B9F34F7CB}.Debug|Any CPU.Build.0 = Debug|Any CPU
		{D121B4DC-156D-44A7-9287-426B9F34F7CB}.Release|Any CPU.ActiveCfg = Release|Any CPU
		{D121B4DC-156D-44A7-9287-426B9F34F7CB}.Release|Any CPU.Build.0 = Release|Any CPU
		{753F1EA6-7E45-4641-BFBC-B79ABD88ED00}.Debug|Any CPU.ActiveCfg = Debug|Any CPU
		{753F1EA6-7E45-4641-BFBC-B79ABD88ED00}.Debug|Any CPU.Build.0 = Debug|Any CPU
		{753F1EA6-7E45-4641-BFBC-B79ABD88ED00}.Release|Any CPU.ActiveCfg = Release|Any CPU
		{753F1EA6-7E45-4641-BFBC-B79ABD88ED00}.Release|Any CPU.Build.0 = Release|Any CPU
		{D98BCB8C-137A-468B-B040-40C237678F8A}.Debug|Any CPU.ActiveCfg = Debug|Any CPU
		{D98BCB8C-137A-468B-B040-40C237678F8A}.Debug|Any CPU.Build.0 = Debug|Any CPU
		{D98BCB8C-137A-468B-B040-40C237678F8A}.Release|Any CPU.ActiveCfg = Release|Any CPU
		{D98BCB8C-137A-468B-B040-40C237678F8A}.Release|Any CPU.Build.0 = Release|Any CPU
		{B99CF6D9-06AB-4C6C-820F-DB4A54938E80}.Debug|Any CPU.ActiveCfg = Debug|Any CPU
		{B99CF6D9-06AB-4C6C-820F-DB4A54938E80}.Debug|Any CPU.Build.0 = Debug|Any CPU
		{B99CF6D9-06AB-4C6C-820F-DB4A54938E80}.Release|Any CPU.ActiveCfg = Release|Any CPU
		{B99CF6D9-06AB-4C6C-820F-DB4A54938E80}.Release|Any CPU.Build.0 = Release|Any CPU
		{E97B5155-F41A-46BD-B99F-74781FC9D8AE}.Debug|Any CPU.ActiveCfg = Debug|Any CPU
		{E97B5155-F41A-46BD-B99F-74781FC9D8AE}.Debug|Any CPU.Build.0 = Debug|Any CPU
		{E97B5155-F41A-46BD-B99F-74781FC9D8AE}.Release|Any CPU.ActiveCfg = Release|Any CPU
		{E97B5155-F41A-46BD-B99F-74781FC9D8AE}.Release|Any CPU.Build.0 = Release|Any CPU
		{A7EA4DE5-6BB7-466B-B585-3166200A257B}.Debug|Any CPU.ActiveCfg = Debug|Any CPU
		{A7EA4DE5-6BB7-466B-B585-3166200A257B}.Debug|Any CPU.Build.0 = Debug|Any CPU
		{A7EA4DE5-6BB7-466B-B585-3166200A257B}.Release|Any CPU.ActiveCfg = Release|Any CPU
		{A7EA4DE5-6BB7-466B-B585-3166200A257B}.Release|Any CPU.Build.0 = Release|Any CPU
		{15896334-F433-4EB2-9090-DACF9FA6E1A4}.Debug|Any CPU.ActiveCfg = Debug|Any CPU
		{15896334-F433-4EB2-9090-DACF9FA6E1A4}.Debug|Any CPU.Build.0 = Debug|Any CPU
		{15896334-F433-4EB2-9090-DACF9FA6E1A4}.Release|Any CPU.ActiveCfg = Release|Any CPU
		{15896334-F433-4EB2-9090-DACF9FA6E1A4}.Release|Any CPU.Build.0 = Release|Any CPU
	EndGlobalSection
	GlobalSection(SolutionProperties) = preSolution
		HideSolutionNode = FALSE
	EndGlobalSection
EndGlobal
